
Microsoft Visual Studio Solution File, Format Version 12.00
# Visual Studio Version 16
VisualStudioVersion = 16.0.29411.108
MinimumVisualStudioVersion = 10.0.40219.1
Project("{FAE04EC0-301F-11D3-BF4B-00C04F79EFBC}") = "Channel_Nine.UWP", "Channel_Nine.UWP\Channel_Nine.UWP.csproj", "{717AAC14-D093-4063-B897-BC001B39A2A9}"
EndProject
Project("{FAE04EC0-301F-11D3-BF4B-00C04F79EFBC}") = "Channel_Nine.Android", "Channel_Nine.Android\Channel_Nine.Android.csproj", "{EC0E9DE5-1617-4D89-AA43-7434FC2E4710}"
EndProject
Project("{FAE04EC0-301F-11D3-BF4B-00C04F79EFBC}") = "Channel_Nine.iOS", "Channel_Nine.iOS\Channel_Nine.iOS.csproj", "{FC49FC21-1122-494D-8C21-6F76E45E8F95}"
EndProject
Project("{FAE04EC0-301F-11D3-BF4B-00C04F79EFBC}") = "Channel_Nine", "Channel_Nine\Channel_Nine.csproj", "{21F855C1-52AB-40D7-B448-9B919E7EA47D}"
EndProject
Global
	GlobalSection(SolutionConfigurationPlatforms) = preSolution
		Debug|Any CPU = Debug|Any CPU
		Debug|ARM = Debug|ARM
		Debug|iPhone = Debug|iPhone
		Debug|iPhoneSimulator = Debug|iPhoneSimulator
		Debug|x64 = Debug|x64
		Debug|x86 = Debug|x86
		Release|Any CPU = Release|Any CPU
		Release|ARM = Release|ARM
		Release|iPhone = Release|iPhone
		Release|iPhoneSimulator = Release|iPhoneSimulator
		Release|x64 = Release|x64
		Release|x86 = Release|x86
	EndGlobalSection
	GlobalSection(ProjectConfigurationPlatforms) = postSolution
		{717AAC14-D093-4063-B897-BC001B39A2A9}.Debug|Any CPU.ActiveCfg = Debug|x86
		{717AAC14-D093-4063-B897-BC001B39A2A9}.Debug|Any CPU.Build.0 = Debug|x86
		{717AAC14-D093-4063-B897-BC001B39A2A9}.Debug|Any CPU.Deploy.0 = Debug|x86
		{717AAC14-D093-4063-B897-BC001B39A2A9}.Debug|ARM.ActiveCfg = Debug|ARM
		{717AAC14-D093-4063-B897-BC001B39A2A9}.Debug|ARM.Build.0 = Debug|ARM
		{717AAC14-D093-4063-B897-BC001B39A2A9}.Debug|ARM.Deploy.0 = Debug|ARM
		{717AAC14-D093-4063-B897-BC001B39A2A9}.Debug|iPhone.ActiveCfg = Debug|x86
		{717AAC14-D093-4063-B897-BC001B39A2A9}.Debug|iPhone.Build.0 = Debug|x86
		{717AAC14-D093-4063-B897-BC001B39A2A9}.Debug|iPhone.Deploy.0 = Debug|x86
		{717AAC14-D093-4063-B897-BC001B39A2A9}.Debug|iPhoneSimulator.ActiveCfg = Debug|x86
		{717AAC14-D093-4063-B897-BC001B39A2A9}.Debug|iPhoneSimulator.Build.0 = Debug|x86
		{717AAC14-D093-4063-B897-BC001B39A2A9}.Debug|iPhoneSimulator.Deploy.0 = Debug|x86
		{717AAC14-D093-4063-B897-BC001B39A2A9}.Debug|x64.ActiveCfg = Debug|x64
		{717AAC14-D093-4063-B897-BC001B39A2A9}.Debug|x64.Build.0 = Debug|x64
		{717AAC14-D093-4063-B897-BC001B39A2A9}.Debug|x64.Deploy.0 = Debug|x64
		{717AAC14-D093-4063-B897-BC001B39A2A9}.Debug|x86.ActiveCfg = Debug|x86
		{717AAC14-D093-4063-B897-BC001B39A2A9}.Debug|x86.Build.0 = Debug|x86
		{717AAC14-D093-4063-B897-BC001B39A2A9}.Debug|x86.Deploy.0 = Debug|x86
		{717AAC14-D093-4063-B897-BC001B39A2A9}.Release|Any CPU.ActiveCfg = Release|x86
		{717AAC14-D093-4063-B897-BC001B39A2A9}.Release|Any CPU.Build.0 = Release|x86
		{717AAC14-D093-4063-B897-BC001B39A2A9}.Release|Any CPU.Deploy.0 = Release|x86
		{717AAC14-D093-4063-B897-BC001B39A2A9}.Release|ARM.ActiveCfg = Release|ARM
		{717AAC14-D093-4063-B897-BC001B39A2A9}.Release|ARM.Build.0 = Release|ARM
		{717AAC14-D093-4063-B897-BC001B39A2A9}.Release|ARM.Deploy.0 = Release|ARM
		{717AAC14-D093-4063-B897-BC001B39A2A9}.Release|iPhone.ActiveCfg = Release|x86
		{717AAC14-D093-4063-B897-BC001B39A2A9}.Release|iPhone.Build.0 = Release|x86
		{717AAC14-D093-4063-B897-BC001B39A2A9}.Release|iPhone.Deploy.0 = Release|x86
		{717AAC14-D093-4063-B897-BC001B39A2A9}.Release|iPhoneSimulator.ActiveCfg = Release|x86
		{717AAC14-D093-4063-B897-BC001B39A2A9}.Release|iPhoneSimulator.Build.0 = Release|x86
		{717AAC14-D093-4063-B897-BC001B39A2A9}.Release|iPhoneSimulator.Deploy.0 = Release|x86
		{717AAC14-D093-4063-B897-BC001B39A2A9}.Release|x64.ActiveCfg = Release|x64
		{717AAC14-D093-4063-B897-BC001B39A2A9}.Release|x64.Build.0 = Release|x64
		{717AAC14-D093-4063-B897-BC001B39A2A9}.Release|x64.Deploy.0 = Release|x64
		{717AAC14-D093-4063-B897-BC001B39A2A9}.Release|x86.ActiveCfg = Release|x86
		{717AAC14-D093-4063-B897-BC001B39A2A9}.Release|x86.Build.0 = Release|x86
		{717AAC14-D093-4063-B897-BC001B39A2A9}.Release|x86.Deploy.0 = Release|x86
		{EC0E9DE5-1617-4D89-AA43-7434FC2E4710}.Debug|Any CPU.ActiveCfg = Debug|Any CPU
		{EC0E9DE5-1617-4D89-AA43-7434FC2E4710}.Debug|Any CPU.Build.0 = Debug|Any CPU
		{EC0E9DE5-1617-4D89-AA43-7434FC2E4710}.Debug|Any CPU.Deploy.0 = Debug|Any CPU
		{EC0E9DE5-1617-4D89-AA43-7434FC2E4710}.Debug|ARM.ActiveCfg = Debug|Any CPU
		{EC0E9DE5-1617-4D89-AA43-7434FC2E4710}.Debug|ARM.Build.0 = Debug|Any CPU
		{EC0E9DE5-1617-4D89-AA43-7434FC2E4710}.Debug|ARM.Deploy.0 = Debug|Any CPU
		{EC0E9DE5-1617-4D89-AA43-7434FC2E4710}.Debug|iPhone.ActiveCfg = Debug|Any CPU
		{EC0E9DE5-1617-4D89-AA43-7434FC2E4710}.Debug|iPhone.Build.0 = Debug|Any CPU
		{EC0E9DE5-1617-4D89-AA43-7434FC2E4710}.Debug|iPhone.Deploy.0 = Debug|Any CPU
		{EC0E9DE5-1617-4D89-AA43-7434FC2E4710}.Debug|iPhoneSimulator.ActiveCfg = Debug|Any CPU
		{EC0E9DE5-1617-4D89-AA43-7434FC2E4710}.Debug|iPhoneSimulator.Build.0 = Debug|Any CPU
		{EC0E9DE5-1617-4D89-AA43-7434FC2E4710}.Debug|iPhoneSimulator.Deploy.0 = Debug|Any CPU
		{EC0E9DE5-1617-4D89-AA43-7434FC2E4710}.Debug|x64.ActiveCfg = Debug|Any CPU
		{EC0E9DE5-1617-4D89-AA43-7434FC2E4710}.Debug|x64.Build.0 = Debug|Any CPU
		{EC0E9DE5-1617-4D89-AA43-7434FC2E4710}.Debug|x64.Deploy.0 = Debug|Any CPU
		{EC0E9DE5-1617-4D89-AA43-7434FC2E4710}.Debug|x86.ActiveCfg = Debug|Any CPU
		{EC0E9DE5-1617-4D89-AA43-7434FC2E4710}.Debug|x86.Build.0 = Debug|Any CPU
		{EC0E9DE5-1617-4D89-AA43-7434FC2E4710}.Debug|x86.Deploy.0 = Debug|Any CPU
		{EC0E9DE5-1617-4D89-AA43-7434FC2E4710}.Release|Any CPU.ActiveCfg = Release|Any CPU
		{EC0E9DE5-1617-4D89-AA43-7434FC2E4710}.Release|Any CPU.Build.0 = Release|Any CPU
		{EC0E9DE5-1617-4D89-AA43-7434FC2E4710}.Release|Any CPU.Deploy.0 = Release|Any CPU
		{EC0E9DE5-1617-4D89-AA43-7434FC2E4710}.Release|ARM.ActiveCfg = Release|Any CPU
		{EC0E9DE5-1617-4D89-AA43-7434FC2E4710}.Release|ARM.Build.0 = Release|Any CPU
		{EC0E9DE5-1617-4D89-AA43-7434FC2E4710}.Release|ARM.Deploy.0 = Release|Any CPU
		{EC0E9DE5-1617-4D89-AA43-7434FC2E4710}.Release|iPhone.ActiveCfg = Release|Any CPU
		{EC0E9DE5-1617-4D89-AA43-7434FC2E4710}.Release|iPhone.Build.0 = Release|Any CPU
		{EC0E9DE5-1617-4D89-AA43-7434FC2E4710}.Release|iPhone.Deploy.0 = Release|Any CPU
		{EC0E9DE5-1617-4D89-AA43-7434FC2E4710}.Release|iPhoneSimulator.ActiveCfg = Release|Any CPU
		{EC0E9DE5-1617-4D89-AA43-7434FC2E4710}.Release|iPhoneSimulator.Build.0 = Release|Any CPU
		{EC0E9DE5-1617-4D89-AA43-7434FC2E4710}.Release|iPhoneSimulator.Deploy.0 = Release|Any CPU
		{EC0E9DE5-1617-4D89-AA43-7434FC2E4710}.Release|x64.ActiveCfg = Release|Any CPU
		{EC0E9DE5-1617-4D89-AA43-7434FC2E4710}.Release|x64.Build.0 = Release|Any CPU
		{EC0E9DE5-1617-4D89-AA43-7434FC2E4710}.Release|x64.Deploy.0 = Release|Any CPU
		{EC0E9DE5-1617-4D89-AA43-7434FC2E4710}.Release|x86.ActiveCfg = Release|Any CPU
		{EC0E9DE5-1617-4D89-AA43-7434FC2E4710}.Release|x86.Build.0 = Release|Any CPU
		{EC0E9DE5-1617-4D89-AA43-7434FC2E4710}.Release|x86.Deploy.0 = Release|Any CPU
		{FC49FC21-1122-494D-8C21-6F76E45E8F95}.Debug|Any CPU.ActiveCfg = Debug|iPhone
		{FC49FC21-1122-494D-8C21-6F76E45E8F95}.Debug|Any CPU.Build.0 = Debug|iPhone
		{FC49FC21-1122-494D-8C21-6F76E45E8F95}.Debug|Any CPU.Deploy.0 = Debug|iPhone
		{FC49FC21-1122-494D-8C21-6F76E45E8F95}.Debug|ARM.ActiveCfg = Debug|iPhoneSimulator
		{FC49FC21-1122-494D-8C21-6F76E45E8F95}.Debug|ARM.Build.0 = Debug|iPhoneSimulator
		{FC49FC21-1122-494D-8C21-6F76E45E8F95}.Debug|ARM.Deploy.0 = Debug|iPhoneSimulator
		{FC49FC21-1122-494D-8C21-6F76E45E8F95}.Debug|iPhone.ActiveCfg = Debug|iPhone
		{FC49FC21-1122-494D-8C21-6F76E45E8F95}.Debug|iPhone.Build.0 = Debug|iPhone
		{FC49FC21-1122-494D-8C21-6F76E45E8F95}.Debug|iPhone.Deploy.0 = Debug|iPhone
		{FC49FC21-1122-494D-8C21-6F76E45E8F95}.Debug|iPhoneSimulator.ActiveCfg = Debug|iPhoneSimulator
		{FC49FC21-1122-494D-8C21-6F76E45E8F95}.Debug|iPhoneSimulator.Build.0 = Debug|iPhoneSimulator
		{FC49FC21-1122-494D-8C21-6F76E45E8F95}.Debug|iPhoneSimulator.Deploy.0 = Debug|iPhoneSimulator
		{FC49FC21-1122-494D-8C21-6F76E45E8F95}.Debug|x64.ActiveCfg = Debug|iPhone
		{FC49FC21-1122-494D-8C21-6F76E45E8F95}.Debug|x64.Build.0 = Debug|iPhone
		{FC49FC21-1122-494D-8C21-6F76E45E8F95}.Debug|x64.Deploy.0 = Debug|iPhone
		{FC49FC21-1122-494D-8C21-6F76E45E8F95}.Debug|x86.ActiveCfg = Debug|iPhone
		{FC49FC21-1122-494D-8C21-6F76E45E8F95}.Debug|x86.Build.0 = Debug|iPhone
		{FC49FC21-1122-494D-8C21-6F76E45E8F95}.Debug|x86.Deploy.0 = Debug|iPhone
		{FC49FC21-1122-494D-8C21-6F76E45E8F95}.Release|Any CPU.ActiveCfg = Release|iPhone
		{FC49FC21-1122-494D-8C21-6F76E45E8F95}.Release|Any CPU.Build.0 = Release|iPhone
		{FC49FC21-1122-494D-8C21-6F76E45E8F95}.Release|Any CPU.Deploy.0 = Release|iPhone
		{FC49FC21-1122-494D-8C21-6F76E45E8F95}.Release|ARM.ActiveCfg = Release|iPhone
		{FC49FC21-1122-494D-8C21-6F76E45E8F95}.Release|ARM.Build.0 = Release|iPhone
		{FC49FC21-1122-494D-8C21-6F76E45E8F95}.Release|ARM.Deploy.0 = Release|iPhone
		{FC49FC21-1122-494D-8C21-6F76E45E8F95}.Release|iPhone.ActiveCfg = Release|iPhone
		{FC49FC21-1122-494D-8C21-6F76E45E8F95}.Release|iPhone.Build.0 = Release|iPhone
		{FC49FC21-1122-494D-8C21-6F76E45E8F95}.Release|iPhone.Deploy.0 = Release|iPhone
		{FC49FC21-1122-494D-8C21-6F76E45E8F95}.Release|iPhoneSimulator.ActiveCfg = Release|iPhoneSimulator
		{FC49FC21-1122-494D-8C21-6F76E45E8F95}.Release|iPhoneSimulator.Build.0 = Release|iPhoneSimulator
		{FC49FC21-1122-494D-8C21-6F76E45E8F95}.Release|iPhoneSimulator.Deploy.0 = Release|iPhoneSimulator
		{FC49FC21-1122-494D-8C21-6F76E45E8F95}.Release|x64.ActiveCfg = Release|iPhone
		{FC49FC21-1122-494D-8C21-6F76E45E8F95}.Release|x64.Build.0 = Release|iPhone
		{FC49FC21-1122-494D-8C21-6F76E45E8F95}.Release|x64.Deploy.0 = Release|iPhone
		{FC49FC21-1122-494D-8C21-6F76E45E8F95}.Release|x86.ActiveCfg = Release|iPhone
		{FC49FC21-1122-494D-8C21-6F76E45E8F95}.Release|x86.Build.0 = Release|iPhone
		{FC49FC21-1122-494D-8C21-6F76E45E8F95}.Release|x86.Deploy.0 = Release|iPhone
		{21F855C1-52AB-40D7-B448-9B919E7EA47D}.Debug|Any CPU.ActiveCfg = Debug|Any CPU
		{21F855C1-52AB-40D7-B448-9B919E7EA47D}.Debug|Any CPU.Build.0 = Debug|Any CPU
		{21F855C1-52AB-40D7-B448-9B919E7EA47D}.Debug|Any CPU.Deploy.0 = Debug|Any CPU
		{21F855C1-52AB-40D7-B448-9B919E7EA47D}.Debug|ARM.ActiveCfg = Debug|Any CPU
		{21F855C1-52AB-40D7-B448-9B919E7EA47D}.Debug|ARM.Build.0 = Debug|Any CPU
		{21F855C1-52AB-40D7-B448-9B919E7EA47D}.Debug|ARM.Deploy.0 = Debug|Any CPU
		{21F855C1-52AB-40D7-B448-9B919E7EA47D}.Debug|iPhone.ActiveCfg = Debug|Any CPU
		{21F855C1-52AB-40D7-B448-9B919E7EA47D}.Debug|iPhone.Build.0 = Debug|Any CPU
		{21F855C1-52AB-40D7-B448-9B919E7EA47D}.Debug|iPhone.Deploy.0 = Debug|Any CPU
		{21F855C1-52AB-40D7-B448-9B919E7EA47D}.Debug|iPhoneSimulator.ActiveCfg = Debug|Any CPU
		{21F855C1-52AB-40D7-B448-9B919E7EA47D}.Debug|iPhoneSimulator.Build.0 = Debug|Any CPU
		{21F855C1-52AB-40D7-B448-9B919E7EA47D}.Debug|iPhoneSimulator.Deploy.0 = Debug|Any CPU
		{21F855C1-52AB-40D7-B448-9B919E7EA47D}.Debug|x64.ActiveCfg = Debug|Any CPU
		{21F855C1-52AB-40D7-B448-9B919E7EA47D}.Debug|x64.Build.0 = Debug|Any CPU
		{21F855C1-52AB-40D7-B448-9B919E7EA47D}.Debug|x64.Deploy.0 = Debug|Any CPU
		{21F855C1-52AB-40D7-B448-9B919E7EA47D}.Debug|x86.ActiveCfg = Debug|Any CPU
		{21F855C1-52AB-40D7-B448-9B919E7EA47D}.Debug|x86.Build.0 = Debug|Any CPU
		{21F855C1-52AB-40D7-B448-9B919E7EA47D}.Debug|x86.Deploy.0 = Debug|Any CPU
		{21F855C1-52AB-40D7-B448-9B919E7EA47D}.Release|Any CPU.ActiveCfg = Release|Any CPU
		{21F855C1-52AB-40D7-B448-9B919E7EA47D}.Release|Any CPU.Build.0 = Release|Any CPU
		{21F855C1-52AB-40D7-B448-9B919E7EA47D}.Release|Any CPU.Deploy.0 = Release|Any CPU
		{21F855C1-52AB-40D7-B448-9B919E7EA47D}.Release|ARM.ActiveCfg = Release|Any CPU
		{21F855C1-52AB-40D7-B448-9B919E7EA47D}.Release|ARM.Build.0 = Release|Any CPU
		{21F855C1-52AB-40D7-B448-9B919E7EA47D}.Release|ARM.Deploy.0 = Release|Any CPU
		{21F855C1-52AB-40D7-B448-9B919E7EA47D}.Release|iPhone.ActiveCfg = Release|Any CPU
		{21F855C1-52AB-40D7-B448-9B919E7EA47D}.Release|iPhone.Build.0 = Release|Any CPU
		{21F855C1-52AB-40D7-B448-9B919E7EA47D}.Release|iPhone.Deploy.0 = Release|Any CPU
		{21F855C1-52AB-40D7-B448-9B919E7EA47D}.Release|iPhoneSimulator.ActiveCfg = Release|Any CPU
		{21F855C1-52AB-40D7-B448-9B919E7EA47D}.Release|iPhoneSimulator.Build.0 = Release|Any CPU
		{21F855C1-52AB-40D7-B448-9B919E7EA47D}.Release|iPhoneSimulator.Deploy.0 = Release|Any CPU
		{21F855C1-52AB-40D7-B448-9B919E7EA47D}.Release|x64.ActiveCfg = Release|Any CPU
		{21F855C1-52AB-40D7-B448-9B919E7EA47D}.Release|x64.Build.0 = Release|Any CPU
		{21F855C1-52AB-40D7-B448-9B919E7EA47D}.Release|x64.Deploy.0 = Release|Any CPU
		{21F855C1-52AB-40D7-B448-9B919E7EA47D}.Release|x86.ActiveCfg = Release|Any CPU
		{21F855C1-52AB-40D7-B448-9B919E7EA47D}.Release|x86.Build.0 = Release|Any CPU
		{21F855C1-52AB-40D7-B448-9B919E7EA47D}.Release|x86.Deploy.0 = Release|Any CPU
	EndGlobalSection
	GlobalSection(SolutionProperties) = preSolution
		HideSolutionNode = FALSE
	EndGlobalSection
	GlobalSection(ExtensibilityGlobals) = postSolution
		SolutionGuid = {082F8A0C-A31F-4A63-9F2D-86EBFAA2CB0D}
	EndGlobalSection
EndGlobal
